
Microsoft Visual Studio Solution File, Format Version 12.00
# Visual Studio 2015
Project("{FAE04EC0-301F-11D3-BF4B-00C04F79EFBC}") = "Dream Catchers", "Dream Catchers.csproj", "{D4A846E5-5090-F750-8A21-D9BB7C574387}"
EndProject
Project("{FAE04EC0-301F-11D3-BF4B-00C04F79EFBC}") = "Dream Catchers.Editor", "Dream Catchers.Editor.csproj", "{0224B29E-986E-270B-A98F-97DD27348D38}"
EndProject
Global
	GlobalSection(SolutionConfigurationPlatforms) = preSolution
		Debug|Any CPU = Debug|Any CPU
		Release|Any CPU = Release|Any CPU
	EndGlobalSection
	GlobalSection(ProjectConfigurationPlatforms) = postSolution
		{D4A846E5-5090-F750-8A21-D9BB7C574387}.Debug|Any CPU.ActiveCfg = Debug|Any CPU
		{D4A846E5-5090-F750-8A21-D9BB7C574387}.Debug|Any CPU.Build.0 = Debug|Any CPU
		{D4A846E5-5090-F750-8A21-D9BB7C574387}.Release|Any CPU.ActiveCfg = Release|Any CPU
		{D4A846E5-5090-F750-8A21-D9BB7C574387}.Release|Any CPU.Build.0 = Release|Any CPU
		{0224B29E-986E-270B-A98F-97DD27348D38}.Debug|Any CPU.ActiveCfg = Debug|Any CPU
		{0224B29E-986E-270B-A98F-97DD27348D38}.Debug|Any CPU.Build.0 = Debug|Any CPU
		{0224B29E-986E-270B-A98F-97DD27348D38}.Release|Any CPU.ActiveCfg = Release|Any CPU
		{0224B29E-986E-270B-A98F-97DD27348D38}.Release|Any CPU.Build.0 = Release|Any CPU
	EndGlobalSection
	GlobalSection(SolutionProperties) = preSolution
		HideSolutionNode = FALSE
	EndGlobalSection
EndGlobal
